// !$*UTF8*$!
{
	archiveVersion = 1;
	classes = {
	};
	objectVersion = 46;
	objects = {

/* Begin PBXBuildFile section */
		494F678A2050685000F128B5 /* TreePrediction.swift in Sources */ = {isa = PBXBuildFile; fileRef = 497C69971C52709000FCB6F5 /* TreePrediction.swift */; };
		494F678B2050685000F128B5 /* AssociationItem.swift in Sources */ = {isa = PBXBuildFile; fileRef = 497C69891C52709000FCB6F5 /* AssociationItem.swift */; };
		494F678C2050685000F128B5 /* Predicates.swift in Sources */ = {isa = PBXBuildFile; fileRef = 497C69951C52709000FCB6F5 /* Predicates.swift */; };
		494F678D2050685000F128B5 /* AssociationRule.swift in Sources */ = {isa = PBXBuildFile; fileRef = 497C698A1C52709000FCB6F5 /* AssociationRule.swift */; };
		494F678E2050685000F128B5 /* LogisticRegression.swift in Sources */ = {isa = PBXBuildFile; fileRef = 497C69911C52709000FCB6F5 /* LogisticRegression.swift */; };
		494F678F2050685000F128B5 /* MultiModel.swift in Sources */ = {isa = PBXBuildFile; fileRef = 497C69931C52709000FCB6F5 /* MultiModel.swift */; };
		494F67902050685000F128B5 /* Resource.swift in Sources */ = {isa = PBXBuildFile; fileRef = 497C699D1C52709000FCB6F5 /* Resource.swift */; };
		494F67912050685000F128B5 /* BMLEnums.swift in Sources */ = {isa = PBXBuildFile; fileRef = 497C699A1C52709000FCB6F5 /* BMLEnums.swift */; };
		494F67922050685000F128B5 /* Anomaly.swift in Sources */ = {isa = PBXBuildFile; fileRef = 497C69871C52709000FCB6F5 /* Anomaly.swift */; };
		494F67932050685000F128B5 /* ChiSquare.swift in Sources */ = {isa = PBXBuildFile; fileRef = 497C698C1C52709000FCB6F5 /* ChiSquare.swift */; };
		494F67942050685000F128B5 /* BMLHTTPConnector.swift in Sources */ = {isa = PBXBuildFile; fileRef = 497C699B1C52709000FCB6F5 /* BMLHTTPConnector.swift */; };
		494F67952050685000F128B5 /* Ensemble.swift in Sources */ = {isa = PBXBuildFile; fileRef = 497C698E1C52709000FCB6F5 /* Ensemble.swift */; };
		494F67962050685000F128B5 /* PredictionTree.swift in Sources */ = {isa = PBXBuildFile; fileRef = 497C69961C52709000FCB6F5 /* PredictionTree.swift */; };
		494F67972050685000F128B5 /* ResourceStatus.swift in Sources */ = {isa = PBXBuildFile; fileRef = 497C699E1C52709000FCB6F5 /* ResourceStatus.swift */; };
		494F67982050685000F128B5 /* MultiVote.swift in Sources */ = {isa = PBXBuildFile; fileRef = 497C69941C52709000FCB6F5 /* MultiVote.swift */; };
		494F67992050685000F128B5 /* FieldResource.swift in Sources */ = {isa = PBXBuildFile; fileRef = 497C698F1C52709000FCB6F5 /* FieldResource.swift */; };
		494F679A2050685000F128B5 /* Association.swift in Sources */ = {isa = PBXBuildFile; fileRef = 497C69881C52709000FCB6F5 /* Association.swift */; };
		494F679B2050685000F128B5 /* Model.swift in Sources */ = {isa = PBXBuildFile; fileRef = 497C69921C52709000FCB6F5 /* Model.swift */; };
		494F679C2050685000F128B5 /* Centroid.swift in Sources */ = {isa = PBXBuildFile; fileRef = 497C698B1C52709000FCB6F5 /* Centroid.swift */; };
		494F679D2050685000F128B5 /* BMLConnector.swift in Sources */ = {isa = PBXBuildFile; fileRef = 497C69991C52709000FCB6F5 /* BMLConnector.swift */; };
		494F679E2050685000F128B5 /* Cluster.swift in Sources */ = {isa = PBXBuildFile; fileRef = 497C698D1C52709000FCB6F5 /* Cluster.swift */; };
		494F679F2050685000F128B5 /* ResourceTypes.swift in Sources */ = {isa = PBXBuildFile; fileRef = 497C699F1C52709000FCB6F5 /* ResourceTypes.swift */; };
		494F67A02050685000F128B5 /* BMLHTTPMethodHandler.swift in Sources */ = {isa = PBXBuildFile; fileRef = 497C699C1C52709000FCB6F5 /* BMLHTTPMethodHandler.swift */; };
		494F67A12050685000F128B5 /* Utils.swift in Sources */ = {isa = PBXBuildFile; fileRef = 497C69A01C52709000FCB6F5 /* Utils.swift */; };
		494F67A42050685000F128B5 /* BMLConnector.h in Headers */ = {isa = PBXBuildFile; fileRef = 497C69981C52709000FCB6F5 /* BMLConnector.h */; };
		494F67B8205143EE00F128B5 /* bigmlSwift_macOSTests.swift in Sources */ = {isa = PBXBuildFile; fileRef = 494F67B7205143EE00F128B5 /* bigmlSwift_macOSTests.swift */; };
		494F67BA205143EE00F128B5 /* bigmlSwift_macOS.framework in Frameworks */ = {isa = PBXBuildFile; fileRef = 494F67A92050685000F128B5 /* bigmlSwift_macOS.framework */; };
		494F67C02051444000F128B5 /* bigmlSwiftAPITests.swift in Sources */ = {isa = PBXBuildFile; fileRef = 497C69FE1C5271C400FCB6F5 /* bigmlSwiftAPITests.swift */; };
		494F67C12051444000F128B5 /* bigmlSwiftAssociationTests.swift in Sources */ = {isa = PBXBuildFile; fileRef = 497C69FF1C5271C400FCB6F5 /* bigmlSwiftAssociationTests.swift */; };
		494F67C22051444000F128B5 /* bigmlSwiftBaseTest.swift in Sources */ = {isa = PBXBuildFile; fileRef = 497C6A001C5271C400FCB6F5 /* bigmlSwiftBaseTest.swift */; };
		494F67C32051444000F128B5 /* bigmlSwiftCentroidTests.swift in Sources */ = {isa = PBXBuildFile; fileRef = 497C6A011C5271C400FCB6F5 /* bigmlSwiftCentroidTests.swift */; };
		494F67C42051444000F128B5 /* bigmlSwiftChiSquaredTests.swift in Sources */ = {isa = PBXBuildFile; fileRef = 497C6A021C5271C400FCB6F5 /* bigmlSwiftChiSquaredTests.swift */; };
		494F67C52051444000F128B5 /* bigmlSwiftEnsembleTests.swift in Sources */ = {isa = PBXBuildFile; fileRef = 497C6A031C5271C400FCB6F5 /* bigmlSwiftEnsembleTests.swift */; };
		494F67C62051444000F128B5 /* bigmlSwiftLogisticRegressionTests.swift in Sources */ = {isa = PBXBuildFile; fileRef = 497C6A041C5271C400FCB6F5 /* bigmlSwiftLogisticRegressionTests.swift */; };
		494F67C72051444000F128B5 /* bigmlSwiftPredicateTests.swift in Sources */ = {isa = PBXBuildFile; fileRef = 497C6A061C5271C400FCB6F5 /* bigmlSwiftPredicateTests.swift */; };
		494F67C82051444000F128B5 /* bigmlSwiftPredictionTests.swift in Sources */ = {isa = PBXBuildFile; fileRef = 497C6A071C5271C400FCB6F5 /* bigmlSwiftPredictionTests.swift */; };
		494F67C92051446B00F128B5 /* credentials.plist in Resources */ = {isa = PBXBuildFile; fileRef = 497C69DB1C52716E00FCB6F5 /* credentials.plist */; };
		494F67CA2051447C00F128B5 /* baseball.ensemble in Resources */ = {isa = PBXBuildFile; fileRef = 497C69DE1C5271A400FCB6F5 /* baseball.ensemble */; };
		494F67CB2051447C00F128B5 /* diab.csv in Resources */ = {isa = PBXBuildFile; fileRef = 497C69DF1C5271A400FCB6F5 /* diab.csv */; };
		494F67CC2051447C00F128B5 /* iris-sp-chars.csv in Resources */ = {isa = PBXBuildFile; fileRef = 497C69E01C5271A400FCB6F5 /* iris-sp-chars.csv */; };
		494F67CD2051447C00F128B5 /* iris.csv in Resources */ = {isa = PBXBuildFile; fileRef = 497C69E11C5271A400FCB6F5 /* iris.csv */; };
		494F67CE2051447C00F128B5 /* iris.ensemble in Resources */ = {isa = PBXBuildFile; fileRef = 497C69E21C5271A400FCB6F5 /* iris.ensemble */; };
		494F67CF2051447C00F128B5 /* iris.logistic in Resources */ = {isa = PBXBuildFile; fileRef = 497C69E31C5271A400FCB6F5 /* iris.logistic */; };
		494F67D02051447C00F128B5 /* iris.model in Resources */ = {isa = PBXBuildFile; fileRef = 497C69E41C5271A400FCB6F5 /* iris.model */; };
		494F67D12051447C00F128B5 /* movies.csv in Resources */ = {isa = PBXBuildFile; fileRef = 497C69E51C5271A400FCB6F5 /* movies.csv */; };
		494F67D22051447C00F128B5 /* salaries.csv in Resources */ = {isa = PBXBuildFile; fileRef = 497C69E61C5271A400FCB6F5 /* salaries.csv */; };
		494F67D32051447C00F128B5 /* spam-text.cluster in Resources */ = {isa = PBXBuildFile; fileRef = 497C69E71C5271A400FCB6F5 /* spam-text.cluster */; };
		494F67D42051447C00F128B5 /* spam.cluster in Resources */ = {isa = PBXBuildFile; fileRef = 497C69E81C5271A400FCB6F5 /* spam.cluster */; };
		494F67D52051447C00F128B5 /* spam.csv in Resources */ = {isa = PBXBuildFile; fileRef = 497C69E91C5271A400FCB6F5 /* spam.csv */; };
		494F67D62051447C00F128B5 /* spam.model in Resources */ = {isa = PBXBuildFile; fileRef = 497C69EA1C5271A400FCB6F5 /* spam.model */; };
		494F67D72051447C00F128B5 /* testAnomaly.json in Resources */ = {isa = PBXBuildFile; fileRef = 497C69EB1C5271A400FCB6F5 /* testAnomaly.json */; };
		494F67D82051447C00F128B5 /* testCluster.json in Resources */ = {isa = PBXBuildFile; fileRef = 497C69EC1C5271A400FCB6F5 /* testCluster.json */; };
		494F67D92051447C00F128B5 /* wines.csv in Resources */ = {isa = PBXBuildFile; fileRef = 497C69ED1C5271A400FCB6F5 /* wines.csv */; };
		494F67F820514D1800F128B5 /* baseball.ensemble in Resources */ = {isa = PBXBuildFile; fileRef = 497C69DE1C5271A400FCB6F5 /* baseball.ensemble */; };
		494F67F920514D1800F128B5 /* diab.csv in Resources */ = {isa = PBXBuildFile; fileRef = 497C69DF1C5271A400FCB6F5 /* diab.csv */; };
		494F67FA20514D1800F128B5 /* iris-sp-chars.csv in Resources */ = {isa = PBXBuildFile; fileRef = 497C69E01C5271A400FCB6F5 /* iris-sp-chars.csv */; };
		494F67FB20514D1800F128B5 /* iris.csv in Resources */ = {isa = PBXBuildFile; fileRef = 497C69E11C5271A400FCB6F5 /* iris.csv */; };
		494F67FC20514D1800F128B5 /* iris.ensemble in Resources */ = {isa = PBXBuildFile; fileRef = 497C69E21C5271A400FCB6F5 /* iris.ensemble */; };
		494F67FD20514D1800F128B5 /* iris.logistic in Resources */ = {isa = PBXBuildFile; fileRef = 497C69E31C5271A400FCB6F5 /* iris.logistic */; };
		494F67FE20514D1800F128B5 /* iris.model in Resources */ = {isa = PBXBuildFile; fileRef = 497C69E41C5271A400FCB6F5 /* iris.model */; };
		494F67FF20514D1800F128B5 /* movies.csv in Resources */ = {isa = PBXBuildFile; fileRef = 497C69E51C5271A400FCB6F5 /* movies.csv */; };
		494F680020514D1800F128B5 /* salaries.csv in Resources */ = {isa = PBXBuildFile; fileRef = 497C69E61C5271A400FCB6F5 /* salaries.csv */; };
		494F680120514D1800F128B5 /* spam-text.cluster in Resources */ = {isa = PBXBuildFile; fileRef = 497C69E71C5271A400FCB6F5 /* spam-text.cluster */; };
		494F680220514D1800F128B5 /* spam.cluster in Resources */ = {isa = PBXBuildFile; fileRef = 497C69E81C5271A400FCB6F5 /* spam.cluster */; };
		494F680320514D1800F128B5 /* spam.csv in Resources */ = {isa = PBXBuildFile; fileRef = 497C69E91C5271A400FCB6F5 /* spam.csv */; };
		494F680420514D1800F128B5 /* spam.model in Resources */ = {isa = PBXBuildFile; fileRef = 497C69EA1C5271A400FCB6F5 /* spam.model */; };
		494F680520514D1800F128B5 /* testAnomaly.json in Resources */ = {isa = PBXBuildFile; fileRef = 497C69EB1C5271A400FCB6F5 /* testAnomaly.json */; };
		494F680620514D1800F128B5 /* testCluster.json in Resources */ = {isa = PBXBuildFile; fileRef = 497C69EC1C5271A400FCB6F5 /* testCluster.json */; };
		494F680720514D1800F128B5 /* wines.csv in Resources */ = {isa = PBXBuildFile; fileRef = 497C69ED1C5271A400FCB6F5 /* wines.csv */; };
		494F680820514D1D00F128B5 /* credentials.plist in Resources */ = {isa = PBXBuildFile; fileRef = 497C69DB1C52716E00FCB6F5 /* credentials.plist */; };
		494F680920514D2B00F128B5 /* bigmlSwiftAPITests.swift in Sources */ = {isa = PBXBuildFile; fileRef = 497C69FE1C5271C400FCB6F5 /* bigmlSwiftAPITests.swift */; };
		494F680A20514D2B00F128B5 /* bigmlSwiftAssociationTests.swift in Sources */ = {isa = PBXBuildFile; fileRef = 497C69FF1C5271C400FCB6F5 /* bigmlSwiftAssociationTests.swift */; };
		494F680B20514D2B00F128B5 /* bigmlSwiftBaseTest.swift in Sources */ = {isa = PBXBuildFile; fileRef = 497C6A001C5271C400FCB6F5 /* bigmlSwiftBaseTest.swift */; };
		494F680C20514D2B00F128B5 /* bigmlSwiftCentroidTests.swift in Sources */ = {isa = PBXBuildFile; fileRef = 497C6A011C5271C400FCB6F5 /* bigmlSwiftCentroidTests.swift */; };
		494F680D20514D2B00F128B5 /* bigmlSwiftChiSquaredTests.swift in Sources */ = {isa = PBXBuildFile; fileRef = 497C6A021C5271C400FCB6F5 /* bigmlSwiftChiSquaredTests.swift */; };
		494F680E20514D2B00F128B5 /* bigmlSwiftEnsembleTests.swift in Sources */ = {isa = PBXBuildFile; fileRef = 497C6A031C5271C400FCB6F5 /* bigmlSwiftEnsembleTests.swift */; };
		494F680F20514D2B00F128B5 /* bigmlSwiftLogisticRegressionTests.swift in Sources */ = {isa = PBXBuildFile; fileRef = 497C6A041C5271C400FCB6F5 /* bigmlSwiftLogisticRegressionTests.swift */; };
		494F681020514D2B00F128B5 /* bigmlSwiftPredicateTests.swift in Sources */ = {isa = PBXBuildFile; fileRef = 497C6A061C5271C400FCB6F5 /* bigmlSwiftPredicateTests.swift */; };
		494F681120514D2B00F128B5 /* bigmlSwiftPredictionTests.swift in Sources */ = {isa = PBXBuildFile; fileRef = 497C6A071C5271C400FCB6F5 /* bigmlSwiftPredictionTests.swift */; };
		494F68122051535F00F128B5 /* bigmlSwift.framework in Frameworks */ = {isa = PBXBuildFile; fileRef = 49C5AA6E1AEF943800B81AA6 /* bigmlSwift.framework */; };
		497C69A11C52709000FCB6F5 /* Anomaly.swift in Sources */ = {isa = PBXBuildFile; fileRef = 497C69871C52709000FCB6F5 /* Anomaly.swift */; };
		497C69A21C52709000FCB6F5 /* Association.swift in Sources */ = {isa = PBXBuildFile; fileRef = 497C69881C52709000FCB6F5 /* Association.swift */; };
		497C69A31C52709000FCB6F5 /* AssociationItem.swift in Sources */ = {isa = PBXBuildFile; fileRef = 497C69891C52709000FCB6F5 /* AssociationItem.swift */; };
		497C69A41C52709000FCB6F5 /* AssociationRule.swift in Sources */ = {isa = PBXBuildFile; fileRef = 497C698A1C52709000FCB6F5 /* AssociationRule.swift */; };
		497C69A51C52709000FCB6F5 /* Centroid.swift in Sources */ = {isa = PBXBuildFile; fileRef = 497C698B1C52709000FCB6F5 /* Centroid.swift */; };
		497C69A61C52709000FCB6F5 /* ChiSquare.swift in Sources */ = {isa = PBXBuildFile; fileRef = 497C698C1C52709000FCB6F5 /* ChiSquare.swift */; };
		497C69A71C52709000FCB6F5 /* Cluster.swift in Sources */ = {isa = PBXBuildFile; fileRef = 497C698D1C52709000FCB6F5 /* Cluster.swift */; };
		497C69A81C52709000FCB6F5 /* Ensemble.swift in Sources */ = {isa = PBXBuildFile; fileRef = 497C698E1C52709000FCB6F5 /* Ensemble.swift */; };
		497C69A91C52709000FCB6F5 /* FieldResource.swift in Sources */ = {isa = PBXBuildFile; fileRef = 497C698F1C52709000FCB6F5 /* FieldResource.swift */; };
		497C69AB1C52709000FCB6F5 /* LogisticRegression.swift in Sources */ = {isa = PBXBuildFile; fileRef = 497C69911C52709000FCB6F5 /* LogisticRegression.swift */; };
		497C69AC1C52709000FCB6F5 /* Model.swift in Sources */ = {isa = PBXBuildFile; fileRef = 497C69921C52709000FCB6F5 /* Model.swift */; };
		497C69AD1C52709000FCB6F5 /* MultiModel.swift in Sources */ = {isa = PBXBuildFile; fileRef = 497C69931C52709000FCB6F5 /* MultiModel.swift */; };
		497C69AE1C52709000FCB6F5 /* MultiVote.swift in Sources */ = {isa = PBXBuildFile; fileRef = 497C69941C52709000FCB6F5 /* MultiVote.swift */; };
		497C69AF1C52709000FCB6F5 /* Predicates.swift in Sources */ = {isa = PBXBuildFile; fileRef = 497C69951C52709000FCB6F5 /* Predicates.swift */; };
		497C69B01C52709000FCB6F5 /* PredictionTree.swift in Sources */ = {isa = PBXBuildFile; fileRef = 497C69961C52709000FCB6F5 /* PredictionTree.swift */; };
		497C69B11C52709000FCB6F5 /* TreePrediction.swift in Sources */ = {isa = PBXBuildFile; fileRef = 497C69971C52709000FCB6F5 /* TreePrediction.swift */; };
		497C69B21C52709000FCB6F5 /* BMLConnector.h in Headers */ = {isa = PBXBuildFile; fileRef = 497C69981C52709000FCB6F5 /* BMLConnector.h */; };
		497C69B31C52709000FCB6F5 /* BMLConnector.swift in Sources */ = {isa = PBXBuildFile; fileRef = 497C69991C52709000FCB6F5 /* BMLConnector.swift */; };
		497C69B41C52709000FCB6F5 /* BMLEnums.swift in Sources */ = {isa = PBXBuildFile; fileRef = 497C699A1C52709000FCB6F5 /* BMLEnums.swift */; };
		497C69B51C52709000FCB6F5 /* BMLHTTPConnector.swift in Sources */ = {isa = PBXBuildFile; fileRef = 497C699B1C52709000FCB6F5 /* BMLHTTPConnector.swift */; };
		497C69B61C52709000FCB6F5 /* BMLHTTPMethodHandler.swift in Sources */ = {isa = PBXBuildFile; fileRef = 497C699C1C52709000FCB6F5 /* BMLHTTPMethodHandler.swift */; };
		497C69B71C52709000FCB6F5 /* Resource.swift in Sources */ = {isa = PBXBuildFile; fileRef = 497C699D1C52709000FCB6F5 /* Resource.swift */; };
		497C69B81C52709000FCB6F5 /* ResourceStatus.swift in Sources */ = {isa = PBXBuildFile; fileRef = 497C699E1C52709000FCB6F5 /* ResourceStatus.swift */; };
		497C69B91C52709000FCB6F5 /* ResourceTypes.swift in Sources */ = {isa = PBXBuildFile; fileRef = 497C699F1C52709000FCB6F5 /* ResourceTypes.swift */; };
		497C69BA1C52709000FCB6F5 /* Utils.swift in Sources */ = {isa = PBXBuildFile; fileRef = 497C69A01C52709000FCB6F5 /* Utils.swift */; };
/* End PBXBuildFile section */

/* Begin PBXContainerItemProxy section */
		494F67BB205143EE00F128B5 /* PBXContainerItemProxy */ = {
			isa = PBXContainerItemProxy;
			containerPortal = 49C5AA651AEF943800B81AA6 /* Project object */;
			proxyType = 1;
			remoteGlobalIDString = 494F67882050685000F128B5;
			remoteInfo = bigmlSwift_macOS;
		};
		494F67F320514D0700F128B5 /* PBXContainerItemProxy */ = {
			isa = PBXContainerItemProxy;
			containerPortal = 49C5AA651AEF943800B81AA6 /* Project object */;
			proxyType = 1;
			remoteGlobalIDString = 49C5AA6D1AEF943800B81AA6;
			remoteInfo = bigmlSwift_iOS;
		};
/* End PBXContainerItemProxy section */

/* Begin PBXFileReference section */
		494F67A92050685000F128B5 /* bigmlSwift_macOS.framework */ = {isa = PBXFileReference; explicitFileType = wrapper.framework; includeInIndex = 0; path = bigmlSwift_macOS.framework; sourceTree = BUILT_PRODUCTS_DIR; };
		494F67AA2050685000F128B5 /* bigmlSwift-iOS copy-Info.plist */ = {isa = PBXFileReference; lastKnownFileType = text.plist.xml; name = "bigmlSwift-iOS copy-Info.plist"; path = "/Users/sergio/Documents/dev/apps/bigml/bigml-swift/bigmlSwift-iOS copy-Info.plist"; sourceTree = "<absolute>"; };
		494F67B5205143EE00F128B5 /* bigmlSwift_macOSTests.xctest */ = {isa = PBXFileReference; explicitFileType = wrapper.cfbundle; includeInIndex = 0; path = bigmlSwift_macOSTests.xctest; sourceTree = BUILT_PRODUCTS_DIR; };
		494F67B7205143EE00F128B5 /* bigmlSwift_macOSTests.swift */ = {isa = PBXFileReference; lastKnownFileType = sourcecode.swift; path = bigmlSwift_macOSTests.swift; sourceTree = "<group>"; };
		494F67B9205143EE00F128B5 /* Info.plist */ = {isa = PBXFileReference; lastKnownFileType = text.plist.xml; path = Info.plist; sourceTree = "<group>"; };
		494F67E020514CF100F128B5 /* bigmlSwift_iOS_Tests.swift */ = {isa = PBXFileReference; lastKnownFileType = sourcecode.swift; path = bigmlSwift_iOS_Tests.swift; sourceTree = "<group>"; };
		494F67E220514CF100F128B5 /* Info.plist */ = {isa = PBXFileReference; lastKnownFileType = text.plist.xml; path = Info.plist; sourceTree = "<group>"; };
		494F67ED20514D0700F128B5 /* bigmlSwift_iOSTests.xctest */ = {isa = PBXFileReference; explicitFileType = wrapper.cfbundle; includeInIndex = 0; path = bigmlSwift_iOSTests.xctest; sourceTree = BUILT_PRODUCTS_DIR; };
		494F67EF20514D0700F128B5 /* bigmlSwift_iOSTests.swift */ = {isa = PBXFileReference; lastKnownFileType = sourcecode.swift; path = bigmlSwift_iOSTests.swift; sourceTree = "<group>"; };
		494F67F120514D0700F128B5 /* Info.plist */ = {isa = PBXFileReference; lastKnownFileType = text.plist.xml; path = Info.plist; sourceTree = "<group>"; };
		497C69871C52709000FCB6F5 /* Anomaly.swift */ = {isa = PBXFileReference; fileEncoding = 4; lastKnownFileType = sourcecode.swift; path = Anomaly.swift; sourceTree = "<group>"; };
		497C69881C52709000FCB6F5 /* Association.swift */ = {isa = PBXFileReference; fileEncoding = 4; lastKnownFileType = sourcecode.swift; path = Association.swift; sourceTree = "<group>"; };
		497C69891C52709000FCB6F5 /* AssociationItem.swift */ = {isa = PBXFileReference; fileEncoding = 4; lastKnownFileType = sourcecode.swift; path = AssociationItem.swift; sourceTree = "<group>"; };
		497C698A1C52709000FCB6F5 /* AssociationRule.swift */ = {isa = PBXFileReference; fileEncoding = 4; lastKnownFileType = sourcecode.swift; path = AssociationRule.swift; sourceTree = "<group>"; };
		497C698B1C52709000FCB6F5 /* Centroid.swift */ = {isa = PBXFileReference; fileEncoding = 4; lastKnownFileType = sourcecode.swift; path = Centroid.swift; sourceTree = "<group>"; };
		497C698C1C52709000FCB6F5 /* ChiSquare.swift */ = {isa = PBXFileReference; fileEncoding = 4; lastKnownFileType = sourcecode.swift; path = ChiSquare.swift; sourceTree = "<group>"; };
		497C698D1C52709000FCB6F5 /* Cluster.swift */ = {isa = PBXFileReference; fileEncoding = 4; lastKnownFileType = sourcecode.swift; path = Cluster.swift; sourceTree = "<group>"; };
		497C698E1C52709000FCB6F5 /* Ensemble.swift */ = {isa = PBXFileReference; fileEncoding = 4; lastKnownFileType = sourcecode.swift; path = Ensemble.swift; sourceTree = "<group>"; };
		497C698F1C52709000FCB6F5 /* FieldResource.swift */ = {isa = PBXFileReference; fileEncoding = 4; lastKnownFileType = sourcecode.swift; path = FieldResource.swift; sourceTree = "<group>"; };
		497C69911C52709000FCB6F5 /* LogisticRegression.swift */ = {isa = PBXFileReference; fileEncoding = 4; lastKnownFileType = sourcecode.swift; path = LogisticRegression.swift; sourceTree = "<group>"; };
		497C69921C52709000FCB6F5 /* Model.swift */ = {isa = PBXFileReference; fileEncoding = 4; lastKnownFileType = sourcecode.swift; path = Model.swift; sourceTree = "<group>"; };
		497C69931C52709000FCB6F5 /* MultiModel.swift */ = {isa = PBXFileReference; fileEncoding = 4; lastKnownFileType = sourcecode.swift; path = MultiModel.swift; sourceTree = "<group>"; };
		497C69941C52709000FCB6F5 /* MultiVote.swift */ = {isa = PBXFileReference; fileEncoding = 4; lastKnownFileType = sourcecode.swift; path = MultiVote.swift; sourceTree = "<group>"; };
		497C69951C52709000FCB6F5 /* Predicates.swift */ = {isa = PBXFileReference; fileEncoding = 4; lastKnownFileType = sourcecode.swift; path = Predicates.swift; sourceTree = "<group>"; };
		497C69961C52709000FCB6F5 /* PredictionTree.swift */ = {isa = PBXFileReference; fileEncoding = 4; lastKnownFileType = sourcecode.swift; path = PredictionTree.swift; sourceTree = "<group>"; };
		497C69971C52709000FCB6F5 /* TreePrediction.swift */ = {isa = PBXFileReference; fileEncoding = 4; lastKnownFileType = sourcecode.swift; path = TreePrediction.swift; sourceTree = "<group>"; };
		497C69981C52709000FCB6F5 /* BMLConnector.h */ = {isa = PBXFileReference; fileEncoding = 4; lastKnownFileType = sourcecode.c.h; path = BMLConnector.h; sourceTree = "<group>"; };
		497C69991C52709000FCB6F5 /* BMLConnector.swift */ = {isa = PBXFileReference; fileEncoding = 4; lastKnownFileType = sourcecode.swift; path = BMLConnector.swift; sourceTree = "<group>"; };
		497C699A1C52709000FCB6F5 /* BMLEnums.swift */ = {isa = PBXFileReference; fileEncoding = 4; lastKnownFileType = sourcecode.swift; path = BMLEnums.swift; sourceTree = "<group>"; };
		497C699B1C52709000FCB6F5 /* BMLHTTPConnector.swift */ = {isa = PBXFileReference; fileEncoding = 4; lastKnownFileType = sourcecode.swift; path = BMLHTTPConnector.swift; sourceTree = "<group>"; };
		497C699C1C52709000FCB6F5 /* BMLHTTPMethodHandler.swift */ = {isa = PBXFileReference; fileEncoding = 4; lastKnownFileType = sourcecode.swift; path = BMLHTTPMethodHandler.swift; sourceTree = "<group>"; };
		497C699D1C52709000FCB6F5 /* Resource.swift */ = {isa = PBXFileReference; fileEncoding = 4; lastKnownFileType = sourcecode.swift; path = Resource.swift; sourceTree = "<group>"; };
		497C699E1C52709000FCB6F5 /* ResourceStatus.swift */ = {isa = PBXFileReference; fileEncoding = 4; lastKnownFileType = sourcecode.swift; path = ResourceStatus.swift; sourceTree = "<group>"; };
		497C699F1C52709000FCB6F5 /* ResourceTypes.swift */ = {isa = PBXFileReference; fileEncoding = 4; lastKnownFileType = sourcecode.swift; path = ResourceTypes.swift; sourceTree = "<group>"; };
		497C69A01C52709000FCB6F5 /* Utils.swift */ = {isa = PBXFileReference; fileEncoding = 4; lastKnownFileType = sourcecode.swift; path = Utils.swift; sourceTree = "<group>"; };
		497C69DB1C52716E00FCB6F5 /* credentials.plist */ = {isa = PBXFileReference; fileEncoding = 4; lastKnownFileType = text.plist.xml; name = credentials.plist; path = "bigml-swiftTests/credentials.plist"; sourceTree = SOURCE_ROOT; };
		497C69DE1C5271A400FCB6F5 /* baseball.ensemble */ = {isa = PBXFileReference; fileEncoding = 4; lastKnownFileType = text; path = baseball.ensemble; sourceTree = "<group>"; };
		497C69DF1C5271A400FCB6F5 /* diab.csv */ = {isa = PBXFileReference; fileEncoding = 4; lastKnownFileType = text; path = diab.csv; sourceTree = "<group>"; };
		497C69E01C5271A400FCB6F5 /* iris-sp-chars.csv */ = {isa = PBXFileReference; lastKnownFileType = file; path = "iris-sp-chars.csv"; sourceTree = "<group>"; };
		497C69E11C5271A400FCB6F5 /* iris.csv */ = {isa = PBXFileReference; fileEncoding = 4; lastKnownFileType = text; path = iris.csv; sourceTree = "<group>"; };
		497C69E21C5271A400FCB6F5 /* iris.ensemble */ = {isa = PBXFileReference; fileEncoding = 4; lastKnownFileType = text; path = iris.ensemble; sourceTree = "<group>"; };
		497C69E31C5271A400FCB6F5 /* iris.logistic */ = {isa = PBXFileReference; fileEncoding = 4; lastKnownFileType = text; path = iris.logistic; sourceTree = "<group>"; };
		497C69E41C5271A400FCB6F5 /* iris.model */ = {isa = PBXFileReference; fileEncoding = 4; lastKnownFileType = text; path = iris.model; sourceTree = "<group>"; };
		497C69E51C5271A400FCB6F5 /* movies.csv */ = {isa = PBXFileReference; fileEncoding = 4; lastKnownFileType = text; path = movies.csv; sourceTree = "<group>"; };
		497C69E61C5271A400FCB6F5 /* salaries.csv */ = {isa = PBXFileReference; fileEncoding = 4; lastKnownFileType = text; path = salaries.csv; sourceTree = "<group>"; };
		497C69E71C5271A400FCB6F5 /* spam-text.cluster */ = {isa = PBXFileReference; fileEncoding = 4; lastKnownFileType = text; path = "spam-text.cluster"; sourceTree = "<group>"; };
		497C69E81C5271A400FCB6F5 /* spam.cluster */ = {isa = PBXFileReference; fileEncoding = 4; lastKnownFileType = text; path = spam.cluster; sourceTree = "<group>"; };
		497C69E91C5271A400FCB6F5 /* spam.csv */ = {isa = PBXFileReference; fileEncoding = 4; lastKnownFileType = text; path = spam.csv; sourceTree = "<group>"; };
		497C69EA1C5271A400FCB6F5 /* spam.model */ = {isa = PBXFileReference; fileEncoding = 4; lastKnownFileType = text; path = spam.model; sourceTree = "<group>"; };
		497C69EB1C5271A400FCB6F5 /* testAnomaly.json */ = {isa = PBXFileReference; fileEncoding = 4; lastKnownFileType = text.json; path = testAnomaly.json; sourceTree = "<group>"; };
		497C69EC1C5271A400FCB6F5 /* testCluster.json */ = {isa = PBXFileReference; fileEncoding = 4; lastKnownFileType = text.json; path = testCluster.json; sourceTree = "<group>"; };
		497C69ED1C5271A400FCB6F5 /* wines.csv */ = {isa = PBXFileReference; fileEncoding = 4; lastKnownFileType = text; path = wines.csv; sourceTree = "<group>"; };
		497C69FE1C5271C400FCB6F5 /* bigmlSwiftAPITests.swift */ = {isa = PBXFileReference; fileEncoding = 4; lastKnownFileType = sourcecode.swift; name = bigmlSwiftAPITests.swift; path = "bigml-swiftTests/bigmlSwiftAPITests.swift"; sourceTree = SOURCE_ROOT; };
		497C69FF1C5271C400FCB6F5 /* bigmlSwiftAssociationTests.swift */ = {isa = PBXFileReference; fileEncoding = 4; lastKnownFileType = sourcecode.swift; name = bigmlSwiftAssociationTests.swift; path = "bigml-swiftTests/bigmlSwiftAssociationTests.swift"; sourceTree = SOURCE_ROOT; };
		497C6A001C5271C400FCB6F5 /* bigmlSwiftBaseTest.swift */ = {isa = PBXFileReference; fileEncoding = 4; lastKnownFileType = sourcecode.swift; name = bigmlSwiftBaseTest.swift; path = "bigml-swiftTests/bigmlSwiftBaseTest.swift"; sourceTree = SOURCE_ROOT; };
		497C6A011C5271C400FCB6F5 /* bigmlSwiftCentroidTests.swift */ = {isa = PBXFileReference; fileEncoding = 4; lastKnownFileType = sourcecode.swift; name = bigmlSwiftCentroidTests.swift; path = "bigml-swiftTests/bigmlSwiftCentroidTests.swift"; sourceTree = SOURCE_ROOT; };
		497C6A021C5271C400FCB6F5 /* bigmlSwiftChiSquaredTests.swift */ = {isa = PBXFileReference; fileEncoding = 4; lastKnownFileType = sourcecode.swift; name = bigmlSwiftChiSquaredTests.swift; path = "bigml-swiftTests/bigmlSwiftChiSquaredTests.swift"; sourceTree = SOURCE_ROOT; };
		497C6A031C5271C400FCB6F5 /* bigmlSwiftEnsembleTests.swift */ = {isa = PBXFileReference; fileEncoding = 4; lastKnownFileType = sourcecode.swift; name = bigmlSwiftEnsembleTests.swift; path = "bigml-swiftTests/bigmlSwiftEnsembleTests.swift"; sourceTree = SOURCE_ROOT; };
		497C6A041C5271C400FCB6F5 /* bigmlSwiftLogisticRegressionTests.swift */ = {isa = PBXFileReference; fileEncoding = 4; lastKnownFileType = sourcecode.swift; name = bigmlSwiftLogisticRegressionTests.swift; path = "bigml-swiftTests/bigmlSwiftLogisticRegressionTests.swift"; sourceTree = SOURCE_ROOT; };
		497C6A061C5271C400FCB6F5 /* bigmlSwiftPredicateTests.swift */ = {isa = PBXFileReference; fileEncoding = 4; lastKnownFileType = sourcecode.swift; name = bigmlSwiftPredicateTests.swift; path = "bigml-swiftTests/bigmlSwiftPredicateTests.swift"; sourceTree = SOURCE_ROOT; };
		497C6A071C5271C400FCB6F5 /* bigmlSwiftPredictionTests.swift */ = {isa = PBXFileReference; fileEncoding = 4; lastKnownFileType = sourcecode.swift; name = bigmlSwiftPredictionTests.swift; path = "bigml-swiftTests/bigmlSwiftPredictionTests.swift"; sourceTree = SOURCE_ROOT; };
		497C6A411C52777C00FCB6F5 /* Info.plist */ = {isa = PBXFileReference; fileEncoding = 4; lastKnownFileType = text.plist.xml; name = Info.plist; path = "bigml-swiftTests/Info.plist"; sourceTree = SOURCE_ROOT; };
		497C6A4E1C5278EE00FCB6F5 /* Info.plist */ = {isa = PBXFileReference; fileEncoding = 4; lastKnownFileType = text.plist.xml; path = Info.plist; sourceTree = SOURCE_ROOT; };
		49C5AA6E1AEF943800B81AA6 /* bigmlSwift.framework */ = {isa = PBXFileReference; explicitFileType = wrapper.framework; includeInIndex = 0; path = bigmlSwift.framework; sourceTree = BUILT_PRODUCTS_DIR; };
/* End PBXFileReference section */

/* Begin PBXFrameworksBuildPhase section */
		494F67A22050685000F128B5 /* Frameworks */ = {
			isa = PBXFrameworksBuildPhase;
			buildActionMask = 2147483647;
			files = (
			);
			runOnlyForDeploymentPostprocessing = 0;
		};
		494F67B2205143EE00F128B5 /* Frameworks */ = {
			isa = PBXFrameworksBuildPhase;
			buildActionMask = 2147483647;
			files = (
				494F67BA205143EE00F128B5 /* bigmlSwift_macOS.framework in Frameworks */,
			);
			runOnlyForDeploymentPostprocessing = 0;
		};
		494F67EA20514D0700F128B5 /* Frameworks */ = {
			isa = PBXFrameworksBuildPhase;
			buildActionMask = 2147483647;
			files = (
				494F68122051535F00F128B5 /* bigmlSwift.framework in Frameworks */,
			);
			runOnlyForDeploymentPostprocessing = 0;
		};
		49C5AA6A1AEF943800B81AA6 /* Frameworks */ = {
			isa = PBXFrameworksBuildPhase;
			buildActionMask = 2147483647;
			files = (
			);
			runOnlyForDeploymentPostprocessing = 0;
		};
/* End PBXFrameworksBuildPhase section */

/* Begin PBXGroup section */
		494F67AE205096F000F128B5 /* Frameworks */ = {
			isa = PBXGroup;
			children = (
			);
			name = Frameworks;
			sourceTree = "<group>";
		};
		494F67B6205143EE00F128B5 /* bigmlSwift_macOSTests */ = {
			isa = PBXGroup;
			children = (
				494F67B7205143EE00F128B5 /* bigmlSwift_macOSTests.swift */,
				494F67B9205143EE00F128B5 /* Info.plist */,
			);
			path = bigmlSwift_macOSTests;
			sourceTree = "<group>";
		};
		494F67DF20514CF100F128B5 /* bigmlSwift_iOS_Tests */ = {
			isa = PBXGroup;
			children = (
				494F67E020514CF100F128B5 /* bigmlSwift_iOS_Tests.swift */,
				494F67E220514CF100F128B5 /* Info.plist */,
			);
			path = bigmlSwift_iOS_Tests;
			sourceTree = "<group>";
		};
		494F67EE20514D0700F128B5 /* bigmlSwift_iOSTests */ = {
			isa = PBXGroup;
			children = (
				494F67EF20514D0700F128B5 /* bigmlSwift_iOSTests.swift */,
				494F67F120514D0700F128B5 /* Info.plist */,
			);
			path = bigmlSwift_iOSTests;
			sourceTree = "<group>";
		};
		497C69851C52709000FCB6F5 /* bigml-swift */ = {
			isa = PBXGroup;
			children = (
				497C69861C52709000FCB6F5 /* algorithms */,
				497C69981C52709000FCB6F5 /* BMLConnector.h */,
				497C69991C52709000FCB6F5 /* BMLConnector.swift */,
				497C699A1C52709000FCB6F5 /* BMLEnums.swift */,
				497C699B1C52709000FCB6F5 /* BMLHTTPConnector.swift */,
				497C699C1C52709000FCB6F5 /* BMLHTTPMethodHandler.swift */,
				497C699D1C52709000FCB6F5 /* Resource.swift */,
				497C699E1C52709000FCB6F5 /* ResourceStatus.swift */,
				497C699F1C52709000FCB6F5 /* ResourceTypes.swift */,
				497C69A01C52709000FCB6F5 /* Utils.swift */,
				49C5AA711AEF943800B81AA6 /* Supporting Files */,
			);
			path = "bigml-swift";
			sourceTree = SOURCE_ROOT;
		};
		497C69861C52709000FCB6F5 /* algorithms */ = {
			isa = PBXGroup;
			children = (
				497C69871C52709000FCB6F5 /* Anomaly.swift */,
				497C69881C52709000FCB6F5 /* Association.swift */,
				497C69891C52709000FCB6F5 /* AssociationItem.swift */,
				497C698A1C52709000FCB6F5 /* AssociationRule.swift */,
				497C698B1C52709000FCB6F5 /* Centroid.swift */,
				497C698C1C52709000FCB6F5 /* ChiSquare.swift */,
				497C698D1C52709000FCB6F5 /* Cluster.swift */,
				497C698E1C52709000FCB6F5 /* Ensemble.swift */,
				497C698F1C52709000FCB6F5 /* FieldResource.swift */,
				497C69911C52709000FCB6F5 /* LogisticRegression.swift */,
				497C69921C52709000FCB6F5 /* Model.swift */,
				497C69931C52709000FCB6F5 /* MultiModel.swift */,
				497C69941C52709000FCB6F5 /* MultiVote.swift */,
				497C69951C52709000FCB6F5 /* Predicates.swift */,
				497C69961C52709000FCB6F5 /* PredictionTree.swift */,
				497C69971C52709000FCB6F5 /* TreePrediction.swift */,
			);
			path = algorithms;
			sourceTree = "<group>";
		};
		497C69DD1C5271A400FCB6F5 /* data */ = {
			isa = PBXGroup;
			children = (
				497C69DE1C5271A400FCB6F5 /* baseball.ensemble */,
				497C69DF1C5271A400FCB6F5 /* diab.csv */,
				497C69E01C5271A400FCB6F5 /* iris-sp-chars.csv */,
				497C69E11C5271A400FCB6F5 /* iris.csv */,
				497C69E21C5271A400FCB6F5 /* iris.ensemble */,
				497C69E31C5271A400FCB6F5 /* iris.logistic */,
				497C69E41C5271A400FCB6F5 /* iris.model */,
				497C69E51C5271A400FCB6F5 /* movies.csv */,
				497C69E61C5271A400FCB6F5 /* salaries.csv */,
				497C69E71C5271A400FCB6F5 /* spam-text.cluster */,
				497C69E81C5271A400FCB6F5 /* spam.cluster */,
				497C69E91C5271A400FCB6F5 /* spam.csv */,
				497C69EA1C5271A400FCB6F5 /* spam.model */,
				497C69EB1C5271A400FCB6F5 /* testAnomaly.json */,
				497C69EC1C5271A400FCB6F5 /* testCluster.json */,
				497C69ED1C5271A400FCB6F5 /* wines.csv */,
			);
			name = data;
			path = "bigml-swiftTests/data";
			sourceTree = SOURCE_ROOT;
		};
		49C5AA641AEF943800B81AA6 = {
			isa = PBXGroup;
			children = (
				497C69851C52709000FCB6F5 /* bigml-swift */,
				49C5AA7D1AEF943900B81AA6 /* bigm-swiftTest */,
				494F67B6205143EE00F128B5 /* bigmlSwift_macOSTests */,
				494F67DF20514CF100F128B5 /* bigmlSwift_iOS_Tests */,
				494F67EE20514D0700F128B5 /* bigmlSwift_iOSTests */,
				49C5AA6F1AEF943800B81AA6 /* Products */,
				494F67AA2050685000F128B5 /* bigmlSwift-iOS copy-Info.plist */,
				494F67AE205096F000F128B5 /* Frameworks */,
			);
			sourceTree = "<group>";
		};
		49C5AA6F1AEF943800B81AA6 /* Products */ = {
			isa = PBXGroup;
			children = (
				49C5AA6E1AEF943800B81AA6 /* bigmlSwift.framework */,
				494F67A92050685000F128B5 /* bigmlSwift_macOS.framework */,
				494F67B5205143EE00F128B5 /* bigmlSwift_macOSTests.xctest */,
				494F67ED20514D0700F128B5 /* bigmlSwift_iOSTests.xctest */,
			);
			name = Products;
			sourceTree = "<group>";
		};
		49C5AA711AEF943800B81AA6 /* Supporting Files */ = {
			isa = PBXGroup;
			children = (
				497C6A4E1C5278EE00FCB6F5 /* Info.plist */,
			);
			name = "Supporting Files";
			path = "../bigml-swift";
			sourceTree = "<group>";
		};
		49C5AA7D1AEF943900B81AA6 /* bigm-swiftTest */ = {
			isa = PBXGroup;
			children = (
				497C69DD1C5271A400FCB6F5 /* data */,
				497C69DB1C52716E00FCB6F5 /* credentials.plist */,
				49C5AA7E1AEF943900B81AA6 /* Supporting Files */,
				497C69FE1C5271C400FCB6F5 /* bigmlSwiftAPITests.swift */,
				497C69FF1C5271C400FCB6F5 /* bigmlSwiftAssociationTests.swift */,
				497C6A001C5271C400FCB6F5 /* bigmlSwiftBaseTest.swift */,
				497C6A011C5271C400FCB6F5 /* bigmlSwiftCentroidTests.swift */,
				497C6A021C5271C400FCB6F5 /* bigmlSwiftChiSquaredTests.swift */,
				497C6A031C5271C400FCB6F5 /* bigmlSwiftEnsembleTests.swift */,
				497C6A041C5271C400FCB6F5 /* bigmlSwiftLogisticRegressionTests.swift */,
				497C6A061C5271C400FCB6F5 /* bigmlSwiftPredicateTests.swift */,
				497C6A071C5271C400FCB6F5 /* bigmlSwiftPredictionTests.swift */,
			);
			name = "bigm-swiftTest";
			path = "bigml-swiftTests";
			sourceTree = "<group>";
		};
		49C5AA7E1AEF943900B81AA6 /* Supporting Files */ = {
			isa = PBXGroup;
			children = (
				497C6A411C52777C00FCB6F5 /* Info.plist */,
			);
			name = "Supporting Files";
			sourceTree = "<group>";
		};
/* End PBXGroup section */

/* Begin PBXHeadersBuildPhase section */
		494F67A32050685000F128B5 /* Headers */ = {
			isa = PBXHeadersBuildPhase;
			buildActionMask = 2147483647;
			files = (
				494F67A42050685000F128B5 /* BMLConnector.h in Headers */,
			);
			runOnlyForDeploymentPostprocessing = 0;
		};
		49C5AA6B1AEF943800B81AA6 /* Headers */ = {
			isa = PBXHeadersBuildPhase;
			buildActionMask = 2147483647;
			files = (
				497C69B21C52709000FCB6F5 /* BMLConnector.h in Headers */,
			);
			runOnlyForDeploymentPostprocessing = 0;
		};
/* End PBXHeadersBuildPhase section */

/* Begin PBXNativeTarget section */
		494F67882050685000F128B5 /* bigmlSwift_macOS */ = {
			isa = PBXNativeTarget;
			buildConfigurationList = 494F67A62050685000F128B5 /* Build configuration list for PBXNativeTarget "bigmlSwift_macOS" */;
			buildPhases = (
				494F67892050685000F128B5 /* Sources */,
				494F67A22050685000F128B5 /* Frameworks */,
				494F67A32050685000F128B5 /* Headers */,
				494F67A52050685000F128B5 /* Resources */,
			);
			buildRules = (
			);
			dependencies = (
			);
			name = bigmlSwift_macOS;
			productName = bigmlSwift;
			productReference = 494F67A92050685000F128B5 /* bigmlSwift_macOS.framework */;
			productType = "com.apple.product-type.framework";
		};
		494F67B4205143EE00F128B5 /* bigmlSwift_macOSTests */ = {
			isa = PBXNativeTarget;
			buildConfigurationList = 494F67BD205143EE00F128B5 /* Build configuration list for PBXNativeTarget "bigmlSwift_macOSTests" */;
			buildPhases = (
				494F67B1205143EE00F128B5 /* Sources */,
				494F67B2205143EE00F128B5 /* Frameworks */,
				494F67B3205143EE00F128B5 /* Resources */,
			);
			buildRules = (
			);
			dependencies = (
				494F67BC205143EE00F128B5 /* PBXTargetDependency */,
			);
			name = bigmlSwift_macOSTests;
			productName = bigmlSwift_macOSTests;
			productReference = 494F67B5205143EE00F128B5 /* bigmlSwift_macOSTests.xctest */;
			productType = "com.apple.product-type.bundle.unit-test";
		};
		494F67EC20514D0700F128B5 /* bigmlSwift_iOSTests */ = {
			isa = PBXNativeTarget;
			buildConfigurationList = 494F67F520514D0700F128B5 /* Build configuration list for PBXNativeTarget "bigmlSwift_iOSTests" */;
			buildPhases = (
				494F67E920514D0700F128B5 /* Sources */,
				494F67EA20514D0700F128B5 /* Frameworks */,
				494F67EB20514D0700F128B5 /* Resources */,
			);
			buildRules = (
			);
			dependencies = (
				494F67F420514D0700F128B5 /* PBXTargetDependency */,
			);
			name = bigmlSwift_iOSTests;
			productName = bigmlSwift_iOSTests;
			productReference = 494F67ED20514D0700F128B5 /* bigmlSwift_iOSTests.xctest */;
			productType = "com.apple.product-type.bundle.unit-test";
		};
		49C5AA6D1AEF943800B81AA6 /* bigmlSwift_iOS */ = {
			isa = PBXNativeTarget;
			buildConfigurationList = 49C5AA841AEF943900B81AA6 /* Build configuration list for PBXNativeTarget "bigmlSwift_iOS" */;
			buildPhases = (
				49C5AA691AEF943800B81AA6 /* Sources */,
				49C5AA6A1AEF943800B81AA6 /* Frameworks */,
				49C5AA6B1AEF943800B81AA6 /* Headers */,
				49C5AA6C1AEF943800B81AA6 /* Resources */,
			);
			buildRules = (
			);
			dependencies = (
			);
			name = bigmlSwift_iOS;
			productName = bigmlSwift;
			productReference = 49C5AA6E1AEF943800B81AA6 /* bigmlSwift.framework */;
			productType = "com.apple.product-type.framework";
		};
/* End PBXNativeTarget section */

/* Begin PBXProject section */
		49C5AA651AEF943800B81AA6 /* Project object */ = {
			isa = PBXProject;
			attributes = {
				LastSwiftMigration = 0720;
				LastSwiftUpdateCheck = 0820;
				LastUpgradeCheck = 0820;
				ORGANIZATIONNAME = "BigML Inc.";
				TargetAttributes = {
					494F67B4205143EE00F128B5 = {
						CreatedOnToolsVersion = 8.2.1;
						DevelopmentTeam = RAPPP8VUYV;
						ProvisioningStyle = Automatic;
					};
					494F67EC20514D0700F128B5 = {
						CreatedOnToolsVersion = 8.2.1;
						DevelopmentTeam = RAPPP8VUYV;
						ProvisioningStyle = Automatic;
					};
					49C5AA6D1AEF943800B81AA6 = {
						CreatedOnToolsVersion = 6.3;
						LastSwiftMigration = 0820;
					};
				};
			};
			buildConfigurationList = 49C5AA681AEF943800B81AA6 /* Build configuration list for PBXProject "bigml-swift" */;
			compatibilityVersion = "Xcode 3.2";
			developmentRegion = English;
			hasScannedForEncodings = 0;
			knownRegions = (
				en,
			);
			mainGroup = 49C5AA641AEF943800B81AA6;
			productRefGroup = 49C5AA6F1AEF943800B81AA6 /* Products */;
			projectDirPath = "";
			projectRoot = "";
			targets = (
				49C5AA6D1AEF943800B81AA6 /* bigmlSwift_iOS */,
				494F67882050685000F128B5 /* bigmlSwift_macOS */,
				494F67B4205143EE00F128B5 /* bigmlSwift_macOSTests */,
				494F67EC20514D0700F128B5 /* bigmlSwift_iOSTests */,
			);
		};
/* End PBXProject section */

/* Begin PBXResourcesBuildPhase section */
		494F67A52050685000F128B5 /* Resources */ = {
			isa = PBXResourcesBuildPhase;
			buildActionMask = 2147483647;
			files = (
			);
			runOnlyForDeploymentPostprocessing = 0;
		};
		494F67B3205143EE00F128B5 /* Resources */ = {
			isa = PBXResourcesBuildPhase;
			buildActionMask = 2147483647;
			files = (
				494F67C92051446B00F128B5 /* credentials.plist in Resources */,
				494F67CA2051447C00F128B5 /* baseball.ensemble in Resources */,
				494F67CB2051447C00F128B5 /* diab.csv in Resources */,
				494F67CC2051447C00F128B5 /* iris-sp-chars.csv in Resources */,
				494F67CD2051447C00F128B5 /* iris.csv in Resources */,
				494F67CE2051447C00F128B5 /* iris.ensemble in Resources */,
				494F67CF2051447C00F128B5 /* iris.logistic in Resources */,
				494F67D02051447C00F128B5 /* iris.model in Resources */,
				494F67D12051447C00F128B5 /* movies.csv in Resources */,
				494F67D22051447C00F128B5 /* salaries.csv in Resources */,
				494F67D32051447C00F128B5 /* spam-text.cluster in Resources */,
				494F67D42051447C00F128B5 /* spam.cluster in Resources */,
				494F67D52051447C00F128B5 /* spam.csv in Resources */,
				494F67D62051447C00F128B5 /* spam.model in Resources */,
				494F67D72051447C00F128B5 /* testAnomaly.json in Resources */,
				494F67D82051447C00F128B5 /* testCluster.json in Resources */,
				494F67D92051447C00F128B5 /* wines.csv in Resources */,
			);
			runOnlyForDeploymentPostprocessing = 0;
		};
		494F67EB20514D0700F128B5 /* Resources */ = {
			isa = PBXResourcesBuildPhase;
			buildActionMask = 2147483647;
			files = (
				494F680820514D1D00F128B5 /* credentials.plist in Resources */,
				494F67F820514D1800F128B5 /* baseball.ensemble in Resources */,
				494F67F920514D1800F128B5 /* diab.csv in Resources */,
				494F67FA20514D1800F128B5 /* iris-sp-chars.csv in Resources */,
				494F67FB20514D1800F128B5 /* iris.csv in Resources */,
				494F67FC20514D1800F128B5 /* iris.ensemble in Resources */,
				494F67FD20514D1800F128B5 /* iris.logistic in Resources */,
				494F67FE20514D1800F128B5 /* iris.model in Resources */,
				494F67FF20514D1800F128B5 /* movies.csv in Resources */,
				494F680020514D1800F128B5 /* salaries.csv in Resources */,
				494F680120514D1800F128B5 /* spam-text.cluster in Resources */,
				494F680220514D1800F128B5 /* spam.cluster in Resources */,
				494F680320514D1800F128B5 /* spam.csv in Resources */,
				494F680420514D1800F128B5 /* spam.model in Resources */,
				494F680520514D1800F128B5 /* testAnomaly.json in Resources */,
				494F680620514D1800F128B5 /* testCluster.json in Resources */,
				494F680720514D1800F128B5 /* wines.csv in Resources */,
			);
			runOnlyForDeploymentPostprocessing = 0;
		};
		49C5AA6C1AEF943800B81AA6 /* Resources */ = {
			isa = PBXResourcesBuildPhase;
			buildActionMask = 2147483647;
			files = (
			);
			runOnlyForDeploymentPostprocessing = 0;
		};
/* End PBXResourcesBuildPhase section */

/* Begin PBXSourcesBuildPhase section */
		494F67892050685000F128B5 /* Sources */ = {
			isa = PBXSourcesBuildPhase;
			buildActionMask = 2147483647;
			files = (
				494F678A2050685000F128B5 /* TreePrediction.swift in Sources */,
				494F678B2050685000F128B5 /* AssociationItem.swift in Sources */,
				494F678C2050685000F128B5 /* Predicates.swift in Sources */,
				494F678D2050685000F128B5 /* AssociationRule.swift in Sources */,
				494F678E2050685000F128B5 /* LogisticRegression.swift in Sources */,
				494F678F2050685000F128B5 /* MultiModel.swift in Sources */,
				494F67902050685000F128B5 /* Resource.swift in Sources */,
				494F67912050685000F128B5 /* BMLEnums.swift in Sources */,
				494F67922050685000F128B5 /* Anomaly.swift in Sources */,
				494F67932050685000F128B5 /* ChiSquare.swift in Sources */,
				494F67942050685000F128B5 /* BMLHTTPConnector.swift in Sources */,
				494F67952050685000F128B5 /* Ensemble.swift in Sources */,
				494F67962050685000F128B5 /* PredictionTree.swift in Sources */,
				494F67972050685000F128B5 /* ResourceStatus.swift in Sources */,
				494F67982050685000F128B5 /* MultiVote.swift in Sources */,
				494F67992050685000F128B5 /* FieldResource.swift in Sources */,
				494F679A2050685000F128B5 /* Association.swift in Sources */,
				494F679B2050685000F128B5 /* Model.swift in Sources */,
				494F679C2050685000F128B5 /* Centroid.swift in Sources */,
				494F679D2050685000F128B5 /* BMLConnector.swift in Sources */,
				494F679E2050685000F128B5 /* Cluster.swift in Sources */,
				494F679F2050685000F128B5 /* ResourceTypes.swift in Sources */,
				494F67A02050685000F128B5 /* BMLHTTPMethodHandler.swift in Sources */,
				494F67A12050685000F128B5 /* Utils.swift in Sources */,
			);
			runOnlyForDeploymentPostprocessing = 0;
		};
		494F67B1205143EE00F128B5 /* Sources */ = {
			isa = PBXSourcesBuildPhase;
			buildActionMask = 2147483647;
			files = (
				494F67C02051444000F128B5 /* bigmlSwiftAPITests.swift in Sources */,
				494F67C12051444000F128B5 /* bigmlSwiftAssociationTests.swift in Sources */,
				494F67C22051444000F128B5 /* bigmlSwiftBaseTest.swift in Sources */,
				494F67C32051444000F128B5 /* bigmlSwiftCentroidTests.swift in Sources */,
				494F67C42051444000F128B5 /* bigmlSwiftChiSquaredTests.swift in Sources */,
				494F67C52051444000F128B5 /* bigmlSwiftEnsembleTests.swift in Sources */,
				494F67C62051444000F128B5 /* bigmlSwiftLogisticRegressionTests.swift in Sources */,
				494F67C72051444000F128B5 /* bigmlSwiftPredicateTests.swift in Sources */,
				494F67C82051444000F128B5 /* bigmlSwiftPredictionTests.swift in Sources */,
				494F67B8205143EE00F128B5 /* bigmlSwift_macOSTests.swift in Sources */,
			);
			runOnlyForDeploymentPostprocessing = 0;
		};
		494F67E920514D0700F128B5 /* Sources */ = {
			isa = PBXSourcesBuildPhase;
			buildActionMask = 2147483647;
			files = (
				494F680920514D2B00F128B5 /* bigmlSwiftAPITests.swift in Sources */,
				494F680A20514D2B00F128B5 /* bigmlSwiftAssociationTests.swift in Sources */,
				494F680B20514D2B00F128B5 /* bigmlSwiftBaseTest.swift in Sources */,
				494F680C20514D2B00F128B5 /* bigmlSwiftCentroidTests.swift in Sources */,
				494F680D20514D2B00F128B5 /* bigmlSwiftChiSquaredTests.swift in Sources */,
				494F680E20514D2B00F128B5 /* bigmlSwiftEnsembleTests.swift in Sources */,
				494F680F20514D2B00F128B5 /* bigmlSwiftLogisticRegressionTests.swift in Sources */,
				494F681020514D2B00F128B5 /* bigmlSwiftPredicateTests.swift in Sources */,
				494F681120514D2B00F128B5 /* bigmlSwiftPredictionTests.swift in Sources */,
			);
			runOnlyForDeploymentPostprocessing = 0;
		};
		49C5AA691AEF943800B81AA6 /* Sources */ = {
			isa = PBXSourcesBuildPhase;
			buildActionMask = 2147483647;
			files = (
				497C69B11C52709000FCB6F5 /* TreePrediction.swift in Sources */,
				497C69A31C52709000FCB6F5 /* AssociationItem.swift in Sources */,
				497C69AF1C52709000FCB6F5 /* Predicates.swift in Sources */,
				497C69A41C52709000FCB6F5 /* AssociationRule.swift in Sources */,
				497C69AB1C52709000FCB6F5 /* LogisticRegression.swift in Sources */,
				497C69AD1C52709000FCB6F5 /* MultiModel.swift in Sources */,
				497C69B71C52709000FCB6F5 /* Resource.swift in Sources */,
				497C69B41C52709000FCB6F5 /* BMLEnums.swift in Sources */,
				497C69A11C52709000FCB6F5 /* Anomaly.swift in Sources */,
				497C69A61C52709000FCB6F5 /* ChiSquare.swift in Sources */,
				497C69B51C52709000FCB6F5 /* BMLHTTPConnector.swift in Sources */,
				497C69A81C52709000FCB6F5 /* Ensemble.swift in Sources */,
				497C69B01C52709000FCB6F5 /* PredictionTree.swift in Sources */,
				497C69B81C52709000FCB6F5 /* ResourceStatus.swift in Sources */,
				497C69AE1C52709000FCB6F5 /* MultiVote.swift in Sources */,
				497C69A91C52709000FCB6F5 /* FieldResource.swift in Sources */,
				497C69A21C52709000FCB6F5 /* Association.swift in Sources */,
				497C69AC1C52709000FCB6F5 /* Model.swift in Sources */,
				497C69A51C52709000FCB6F5 /* Centroid.swift in Sources */,
				497C69B31C52709000FCB6F5 /* BMLConnector.swift in Sources */,
				497C69A71C52709000FCB6F5 /* Cluster.swift in Sources */,
				497C69B91C52709000FCB6F5 /* ResourceTypes.swift in Sources */,
				497C69B61C52709000FCB6F5 /* BMLHTTPMethodHandler.swift in Sources */,
				497C69BA1C52709000FCB6F5 /* Utils.swift in Sources */,
			);
			runOnlyForDeploymentPostprocessing = 0;
		};
/* End PBXSourcesBuildPhase section */

/* Begin PBXTargetDependency section */
		494F67BC205143EE00F128B5 /* PBXTargetDependency */ = {
			isa = PBXTargetDependency;
			target = 494F67882050685000F128B5 /* bigmlSwift_macOS */;
			targetProxy = 494F67BB205143EE00F128B5 /* PBXContainerItemProxy */;
		};
		494F67F420514D0700F128B5 /* PBXTargetDependency */ = {
			isa = PBXTargetDependency;
			target = 49C5AA6D1AEF943800B81AA6 /* bigmlSwift_iOS */;
			targetProxy = 494F67F320514D0700F128B5 /* PBXContainerItemProxy */;
		};
/* End PBXTargetDependency section */

/* Begin XCBuildConfiguration section */
		494F67A72050685000F128B5 /* Debug */ = {
			isa = XCBuildConfiguration;
			buildSettings = {
				CLANG_ENABLE_MODULES = YES;
				"CODE_SIGN_IDENTITY[sdk=iphoneos*]" = "";
				DEFINES_MODULE = YES;
				DYLIB_COMPATIBILITY_VERSION = 1;
				DYLIB_CURRENT_VERSION = 1;
				DYLIB_INSTALL_NAME_BASE = "@rpath";
				INFOPLIST_FILE = "bigmlSwift-iOS copy-Info.plist";
				INSTALL_PATH = "$(LOCAL_LIBRARY_DIR)/Frameworks";
				IPHONEOS_DEPLOYMENT_TARGET = 8.0;
				LD_RUNPATH_SEARCH_PATHS = "$(inherited) @executable_path/Frameworks @loader_path/Frameworks";
				MACOSX_DEPLOYMENT_TARGET = 10.9;
				PRODUCT_BUNDLE_IDENTIFIER = "com.bigml.$(PRODUCT_NAME:rfc1034identifier)";
				PRODUCT_NAME = "$(TARGET_NAME)";
				SDKROOT = macosx;
				SKIP_INSTALL = YES;
				SWIFT_OPTIMIZATION_LEVEL = "-Onone";
				SWIFT_VERSION = 3.0;
			};
			name = Debug;
		};
		494F67A82050685000F128B5 /* Release */ = {
			isa = XCBuildConfiguration;
			buildSettings = {
				CLANG_ENABLE_MODULES = YES;
				"CODE_SIGN_IDENTITY[sdk=iphoneos*]" = "";
				DEFINES_MODULE = YES;
				DYLIB_COMPATIBILITY_VERSION = 1;
				DYLIB_CURRENT_VERSION = 1;
				DYLIB_INSTALL_NAME_BASE = "@rpath";
				INFOPLIST_FILE = "bigmlSwift-iOS copy-Info.plist";
				INSTALL_PATH = "$(LOCAL_LIBRARY_DIR)/Frameworks";
				IPHONEOS_DEPLOYMENT_TARGET = 8.0;
				LD_RUNPATH_SEARCH_PATHS = "$(inherited) @executable_path/Frameworks @loader_path/Frameworks";
				MACOSX_DEPLOYMENT_TARGET = 10.9;
				PRODUCT_BUNDLE_IDENTIFIER = "com.bigml.$(PRODUCT_NAME:rfc1034identifier)";
				PRODUCT_NAME = "$(TARGET_NAME)";
				SDKROOT = macosx;
				SKIP_INSTALL = YES;
				SWIFT_VERSION = 3.0;
			};
			name = Release;
		};
		494F67BE205143EE00F128B5 /* Debug */ = {
			isa = XCBuildConfiguration;
			buildSettings = {
				CLANG_ANALYZER_NONNULL = YES;
				CLANG_WARN_DOCUMENTATION_COMMENTS = YES;
				CODE_SIGN_IDENTITY = "-";
				COMBINE_HIDPI_IMAGES = YES;
				DEBUG_INFORMATION_FORMAT = dwarf;
				DEVELOPMENT_TEAM = RAPPP8VUYV;
				INFOPLIST_FILE = bigmlSwift_macOSTests/Info.plist;
				LD_RUNPATH_SEARCH_PATHS = "$(inherited) @executable_path/../Frameworks @loader_path/../Frameworks";
				MACOSX_DEPLOYMENT_TARGET = 10.11;
				PRODUCT_BUNDLE_IDENTIFIER = "BigML.bigmlSwift-macOSTests";
				PRODUCT_NAME = "$(TARGET_NAME)";
				SDKROOT = macosx;
				SWIFT_ACTIVE_COMPILATION_CONDITIONS = DEBUG;
				SWIFT_VERSION = 3.0;
			};
			name = Debug;
		};
		494F67BF205143EE00F128B5 /* Release */ = {
			isa = XCBuildConfiguration;
			buildSettings = {
				CLANG_ANALYZER_NONNULL = YES;
				CLANG_WARN_DOCUMENTATION_COMMENTS = YES;
				CODE_SIGN_IDENTITY = "-";
				COMBINE_HIDPI_IMAGES = YES;
				DEVELOPMENT_TEAM = RAPPP8VUYV;
				INFOPLIST_FILE = bigmlSwift_macOSTests/Info.plist;
				LD_RUNPATH_SEARCH_PATHS = "$(inherited) @executable_path/../Frameworks @loader_path/../Frameworks";
				MACOSX_DEPLOYMENT_TARGET = 10.11;
				PRODUCT_BUNDLE_IDENTIFIER = "BigML.bigmlSwift-macOSTests";
				PRODUCT_NAME = "$(TARGET_NAME)";
				SDKROOT = macosx;
				SWIFT_VERSION = 3.0;
			};
			name = Release;
		};
		494F67F620514D0700F128B5 /* Debug */ = {
			isa = XCBuildConfiguration;
			buildSettings = {
				CLANG_ANALYZER_NONNULL = YES;
				CLANG_WARN_DOCUMENTATION_COMMENTS = YES;
				DEBUG_INFORMATION_FORMAT = dwarf;
				DEVELOPMENT_TEAM = RAPPP8VUYV;
				INFOPLIST_FILE = bigmlSwift_iOSTests/Info.plist;
				IPHONEOS_DEPLOYMENT_TARGET = 10.2;
				LD_RUNPATH_SEARCH_PATHS = "$(inherited) @executable_path/Frameworks @loader_path/Frameworks";
				PRODUCT_BUNDLE_IDENTIFIER = "BigML.bigmlSwift-iOSTests";
				PRODUCT_NAME = "$(TARGET_NAME)";
				SWIFT_ACTIVE_COMPILATION_CONDITIONS = DEBUG;
				SWIFT_VERSION = 3.0;
			};
			name = Debug;
		};
		494F67F720514D0700F128B5 /* Release */ = {
			isa = XCBuildConfiguration;
			buildSettings = {
				CLANG_ANALYZER_NONNULL = YES;
				CLANG_WARN_DOCUMENTATION_COMMENTS = YES;
				DEVELOPMENT_TEAM = RAPPP8VUYV;
				INFOPLIST_FILE = bigmlSwift_iOSTests/Info.plist;
				IPHONEOS_DEPLOYMENT_TARGET = 10.2;
				LD_RUNPATH_SEARCH_PATHS = "$(inherited) @executable_path/Frameworks @loader_path/Frameworks";
				PRODUCT_BUNDLE_IDENTIFIER = "BigML.bigmlSwift-iOSTests";
				PRODUCT_NAME = "$(TARGET_NAME)";
				SWIFT_VERSION = 3.0;
			};
			name = Release;
		};
		49C5AA821AEF943900B81AA6 /* Debug */ = {
			isa = XCBuildConfiguration;
			buildSettings = {
				ALWAYS_SEARCH_USER_PATHS = NO;
				CLANG_CXX_LANGUAGE_STANDARD = "gnu++0x";
				CLANG_CXX_LIBRARY = "libc++";
				CLANG_ENABLE_MODULES = YES;
				CLANG_ENABLE_OBJC_ARC = YES;
				CLANG_WARN_BOOL_CONVERSION = YES;
				CLANG_WARN_CONSTANT_CONVERSION = YES;
				CLANG_WARN_DIRECT_OBJC_ISA_USAGE = YES_ERROR;
				CLANG_WARN_EMPTY_BODY = YES;
				CLANG_WARN_ENUM_CONVERSION = YES;
				CLANG_WARN_INFINITE_RECURSION = YES;
				CLANG_WARN_INT_CONVERSION = YES;
				CLANG_WARN_OBJC_ROOT_CLASS = YES_ERROR;
				CLANG_WARN_SUSPICIOUS_MOVE = YES;
				CLANG_WARN_UNREACHABLE_CODE = YES;
				CLANG_WARN__DUPLICATE_METHOD_MATCH = YES;
				"CODE_SIGN_IDENTITY[sdk=iphoneos*]" = "iPhone Developer";
				COPY_PHASE_STRIP = NO;
				CURRENT_PROJECT_VERSION = 1;
				DEBUG_ACTIVITY_MODE = "";
				"DEBUG_ACTIVITY_MODE[sdk=iphonesimulator*]" = disable;
				DEBUG_INFORMATION_FORMAT = "dwarf-with-dsym";
				ENABLE_STRICT_OBJC_MSGSEND = YES;
				ENABLE_TESTABILITY = YES;
				GCC_C_LANGUAGE_STANDARD = gnu99;
				GCC_DYNAMIC_NO_PIC = NO;
				GCC_NO_COMMON_BLOCKS = YES;
				GCC_OPTIMIZATION_LEVEL = 0;
				GCC_PREPROCESSOR_DEFINITIONS = (
					"DEBUG=1",
					"$(inherited)",
				);
				GCC_SYMBOLS_PRIVATE_EXTERN = NO;
				GCC_WARN_64_TO_32_BIT_CONVERSION = YES;
				GCC_WARN_ABOUT_RETURN_TYPE = YES_ERROR;
				GCC_WARN_UNDECLARED_SELECTOR = YES;
				GCC_WARN_UNINITIALIZED_AUTOS = YES_AGGRESSIVE;
				GCC_WARN_UNUSED_FUNCTION = YES;
				GCC_WARN_UNUSED_VARIABLE = YES;
				IPHONEOS_DEPLOYMENT_TARGET = 8.3;
				MTL_ENABLE_DEBUG_INFO = YES;
				ONLY_ACTIVE_ARCH = YES;
				SDKROOT = iphoneos;
				SWIFT_OPTIMIZATION_LEVEL = "-Onone";
				TARGETED_DEVICE_FAMILY = "1,2";
				VERSIONING_SYSTEM = "apple-generic";
				VERSION_INFO_PREFIX = "";
			};
			name = Debug;
		};
		49C5AA831AEF943900B81AA6 /* Release */ = {
			isa = XCBuildConfiguration;
			buildSettings = {
				ALWAYS_SEARCH_USER_PATHS = NO;
				CLANG_CXX_LANGUAGE_STANDARD = "gnu++0x";
				CLANG_CXX_LIBRARY = "libc++";
				CLANG_ENABLE_MODULES = YES;
				CLANG_ENABLE_OBJC_ARC = YES;
				CLANG_WARN_BOOL_CONVERSION = YES;
				CLANG_WARN_CONSTANT_CONVERSION = YES;
				CLANG_WARN_DIRECT_OBJC_ISA_USAGE = YES_ERROR;
				CLANG_WARN_EMPTY_BODY = YES;
				CLANG_WARN_ENUM_CONVERSION = YES;
				CLANG_WARN_INFINITE_RECURSION = YES;
				CLANG_WARN_INT_CONVERSION = YES;
				CLANG_WARN_OBJC_ROOT_CLASS = YES_ERROR;
				CLANG_WARN_SUSPICIOUS_MOVE = YES;
				CLANG_WARN_UNREACHABLE_CODE = YES;
				CLANG_WARN__DUPLICATE_METHOD_MATCH = YES;
				"CODE_SIGN_IDENTITY[sdk=iphoneos*]" = "iPhone Developer";
				COPY_PHASE_STRIP = NO;
				CURRENT_PROJECT_VERSION = 1;
				DEBUG_ACTIVITY_MODE = "";
				DEBUG_INFORMATION_FORMAT = "dwarf-with-dsym";
				ENABLE_NS_ASSERTIONS = NO;
				ENABLE_STRICT_OBJC_MSGSEND = YES;
				GCC_C_LANGUAGE_STANDARD = gnu99;
				GCC_NO_COMMON_BLOCKS = YES;
				GCC_WARN_64_TO_32_BIT_CONVERSION = YES;
				GCC_WARN_ABOUT_RETURN_TYPE = YES_ERROR;
				GCC_WARN_UNDECLARED_SELECTOR = YES;
				GCC_WARN_UNINITIALIZED_AUTOS = YES_AGGRESSIVE;
				GCC_WARN_UNUSED_FUNCTION = YES;
				GCC_WARN_UNUSED_VARIABLE = YES;
				IPHONEOS_DEPLOYMENT_TARGET = 8.3;
				MTL_ENABLE_DEBUG_INFO = NO;
				SDKROOT = iphoneos;
				SWIFT_OPTIMIZATION_LEVEL = "-Owholemodule";
				TARGETED_DEVICE_FAMILY = "1,2";
				VALIDATE_PRODUCT = YES;
				VERSIONING_SYSTEM = "apple-generic";
				VERSION_INFO_PREFIX = "";
			};
			name = Release;
		};
		49C5AA851AEF943900B81AA6 /* Debug */ = {
			isa = XCBuildConfiguration;
			buildSettings = {
				CLANG_ENABLE_MODULES = YES;
				"CODE_SIGN_IDENTITY[sdk=iphoneos*]" = "";
				DEFINES_MODULE = YES;
				DYLIB_COMPATIBILITY_VERSION = 1;
				DYLIB_CURRENT_VERSION = 1;
				DYLIB_INSTALL_NAME_BASE = "@rpath";
				INFOPLIST_FILE = "bigml-swift/Info.plist";
				INSTALL_PATH = "$(LOCAL_LIBRARY_DIR)/Frameworks";
				IPHONEOS_DEPLOYMENT_TARGET = 8.0;
				LD_RUNPATH_SEARCH_PATHS = "$(inherited) @executable_path/Frameworks @loader_path/Frameworks";
				PRODUCT_BUNDLE_IDENTIFIER = "com.bigml.$(PRODUCT_NAME:rfc1034identifier)";
				PRODUCT_NAME = bigmlSwift;
				SKIP_INSTALL = YES;
				SWIFT_OPTIMIZATION_LEVEL = "-Onone";
				SWIFT_VERSION = 3.0;
			};
			name = Debug;
		};
		49C5AA861AEF943900B81AA6 /* Release */ = {
			isa = XCBuildConfiguration;
			buildSettings = {
				CLANG_ENABLE_MODULES = YES;
				"CODE_SIGN_IDENTITY[sdk=iphoneos*]" = "";
				DEFINES_MODULE = YES;
				DYLIB_COMPATIBILITY_VERSION = 1;
				DYLIB_CURRENT_VERSION = 1;
				DYLIB_INSTALL_NAME_BASE = "@rpath";
				INFOPLIST_FILE = "bigml-swift/Info.plist";
				INSTALL_PATH = "$(LOCAL_LIBRARY_DIR)/Frameworks";
				IPHONEOS_DEPLOYMENT_TARGET = 8.0;
				LD_RUNPATH_SEARCH_PATHS = "$(inherited) @executable_path/Frameworks @loader_path/Frameworks";
				PRODUCT_BUNDLE_IDENTIFIER = "com.bigml.$(PRODUCT_NAME:rfc1034identifier)";
				PRODUCT_NAME = bigmlSwift;
				SKIP_INSTALL = YES;
				SWIFT_VERSION = 3.0;
			};
			name = Release;
		};
/* End XCBuildConfiguration section */

/* Begin XCConfigurationList section */
		494F67A62050685000F128B5 /* Build configuration list for PBXNativeTarget "bigmlSwift_macOS" */ = {
			isa = XCConfigurationList;
			buildConfigurations = (
				494F67A72050685000F128B5 /* Debug */,
				494F67A82050685000F128B5 /* Release */,
			);
			defaultConfigurationIsVisible = 0;
			defaultConfigurationName = Release;
		};
		494F67BD205143EE00F128B5 /* Build configuration list for PBXNativeTarget "bigmlSwift_macOSTests" */ = {
			isa = XCConfigurationList;
			buildConfigurations = (
				494F67BE205143EE00F128B5 /* Debug */,
				494F67BF205143EE00F128B5 /* Release */,
			);
			defaultConfigurationIsVisible = 0;
		};
		494F67F520514D0700F128B5 /* Build configuration list for PBXNativeTarget "bigmlSwift_iOSTests" */ = {
			isa = XCConfigurationList;
			buildConfigurations = (
				494F67F620514D0700F128B5 /* Debug */,
				494F67F720514D0700F128B5 /* Release */,
			);
			defaultConfigurationIsVisible = 0;
		};
		49C5AA681AEF943800B81AA6 /* Build configuration list for PBXProject "bigml-swift" */ = {
			isa = XCConfigurationList;
			buildConfigurations = (
				49C5AA821AEF943900B81AA6 /* Debug */,
				49C5AA831AEF943900B81AA6 /* Release */,
			);
			defaultConfigurationIsVisible = 0;
			defaultConfigurationName = Release;
		};
		49C5AA841AEF943900B81AA6 /* Build configuration list for PBXNativeTarget "bigmlSwift_iOS" */ = {
			isa = XCConfigurationList;
			buildConfigurations = (
				49C5AA851AEF943900B81AA6 /* Debug */,
				49C5AA861AEF943900B81AA6 /* Release */,
			);
			defaultConfigurationIsVisible = 0;
			defaultConfigurationName = Release;
		};
/* End XCConfigurationList section */
	};
	rootObject = 49C5AA651AEF943800B81AA6 /* Project object */;
}
